
Microsoft Visual Studio Solution File, Format Version 12.00
# Visual Studio Version 17
VisualStudioVersion = 17.12.35506.116
MinimumVisualStudioVersion = 10.0.40219.1
Project("{FAE04EC0-301F-11D3-BF4B-00C04F79EFBC}") = "ToDoListApp", "ToDoListApp\ToDoListApp.csproj", "{5BFBFCE5-43E9-4891-9CA0-409622A793EA}"
EndProject
Project("{FAE04EC0-301F-11D3-BF4B-00C04F79EFBC}") = "Services", "Services\Services.csproj", "{4ACD3D07-B338-4651-9353-EB41436A7B19}"
EndProject
Project("{FAE04EC0-301F-11D3-BF4B-00C04F79EFBC}") = "ServiceContracts", "ServiceContracts\ServiceContracts.csproj", "{2A0C9036-B8C5-4E82-8C71-82CE2A296E71}"
EndProject
Project("{FAE04EC0-301F-11D3-BF4B-00C04F79EFBC}") = "ToDoListApp.Test", "ToDoListApp.Test\ToDoListApp.Test.csproj", "{B394C979-F293-425F-BCBF-AFD53E0F99C9}"
EndProject
Project("{FAE04EC0-301F-11D3-BF4B-00C04F79EFBC}") = "Entities", "Entities\Entities.csproj", "{BE273B1C-C3E0-44EF-826E-7B0AEC549085}"
EndProject
Project("{FAE04EC0-301F-11D3-BF4B-00C04F79EFBC}") = "Repositories", "Repositories\Repositories.csproj", "{ECEE302F-4C8E-4133-8771-A3817604C000}"
EndProject
Project("{FAE04EC0-301F-11D3-BF4B-00C04F79EFBC}") = "RepositoryContract", "RepositoryContract\RepositoryContract.csproj", "{E58BF3F0-D96E-427F-B840-051FC03396EB}"
EndProject
Global
	GlobalSection(SolutionConfigurationPlatforms) = preSolution
		Debug|Any CPU = Debug|Any CPU
		Release|Any CPU = Release|Any CPU
	EndGlobalSection
	GlobalSection(ProjectConfigurationPlatforms) = postSolution
		{5BFBFCE5-43E9-4891-9CA0-409622A793EA}.Debug|Any CPU.ActiveCfg = Debug|Any CPU
		{5BFBFCE5-43E9-4891-9CA0-409622A793EA}.Debug|Any CPU.Build.0 = Debug|Any CPU
		{5BFBFCE5-43E9-4891-9CA0-409622A793EA}.Release|Any CPU.ActiveCfg = Release|Any CPU
		{5BFBFCE5-43E9-4891-9CA0-409622A793EA}.Release|Any CPU.Build.0 = Release|Any CPU
		{4ACD3D07-B338-4651-9353-EB41436A7B19}.Debug|Any CPU.ActiveCfg = Debug|Any CPU
		{4ACD3D07-B338-4651-9353-EB41436A7B19}.Debug|Any CPU.Build.0 = Debug|Any CPU
		{4ACD3D07-B338-4651-9353-EB41436A7B19}.Release|Any CPU.ActiveCfg = Release|Any CPU
		{4ACD3D07-B338-4651-9353-EB41436A7B19}.Release|Any CPU.Build.0 = Release|Any CPU
		{2A0C9036-B8C5-4E82-8C71-82CE2A296E71}.Debug|Any CPU.ActiveCfg = Debug|Any CPU
		{2A0C9036-B8C5-4E82-8C71-82CE2A296E71}.Debug|Any CPU.Build.0 = Debug|Any CPU
		{2A0C9036-B8C5-4E82-8C71-82CE2A296E71}.Release|Any CPU.ActiveCfg = Release|Any CPU
		{2A0C9036-B8C5-4E82-8C71-82CE2A296E71}.Release|Any CPU.Build.0 = Release|Any CPU
		{B394C979-F293-425F-BCBF-AFD53E0F99C9}.Debug|Any CPU.ActiveCfg = Debug|Any CPU
		{B394C979-F293-425F-BCBF-AFD53E0F99C9}.Debug|Any CPU.Build.0 = Debug|Any CPU
		{B394C979-F293-425F-BCBF-AFD53E0F99C9}.Release|Any CPU.ActiveCfg = Release|Any CPU
		{B394C979-F293-425F-BCBF-AFD53E0F99C9}.Release|Any CPU.Build.0 = Release|Any CPU
		{BE273B1C-C3E0-44EF-826E-7B0AEC549085}.Debug|Any CPU.ActiveCfg = Debug|Any CPU
		{BE273B1C-C3E0-44EF-826E-7B0AEC549085}.Debug|Any CPU.Build.0 = Debug|Any CPU
		{BE273B1C-C3E0-44EF-826E-7B0AEC549085}.Release|Any CPU.ActiveCfg = Release|Any CPU
		{BE273B1C-C3E0-44EF-826E-7B0AEC549085}.Release|Any CPU.Build.0 = Release|Any CPU
		{ECEE302F-4C8E-4133-8771-A3817604C000}.Debug|Any CPU.ActiveCfg = Debug|Any CPU
		{ECEE302F-4C8E-4133-8771-A3817604C000}.Debug|Any CPU.Build.0 = Debug|Any CPU
		{ECEE302F-4C8E-4133-8771-A3817604C000}.Release|Any CPU.ActiveCfg = Release|Any CPU
		{ECEE302F-4C8E-4133-8771-A3817604C000}.Release|Any CPU.Build.0 = Release|Any CPU
		{E58BF3F0-D96E-427F-B840-051FC03396EB}.Debug|Any CPU.ActiveCfg = Debug|Any CPU
		{E58BF3F0-D96E-427F-B840-051FC03396EB}.Debug|Any CPU.Build.0 = Debug|Any CPU
		{E58BF3F0-D96E-427F-B840-051FC03396EB}.Release|Any CPU.ActiveCfg = Release|Any CPU
		{E58BF3F0-D96E-427F-B840-051FC03396EB}.Release|Any CPU.Build.0 = Release|Any CPU
	EndGlobalSection
	GlobalSection(SolutionProperties) = preSolution
		HideSolutionNode = FALSE
	EndGlobalSection
EndGlobal
